
Microsoft Visual Studio Solution File, Format Version 12.00
# Visual Studio 15
VisualStudioVersion = 15.0.28307.106
MinimumVisualStudioVersion = 10.0.40219.1
Project("{9A19103F-16F7-4668-BE54-9A1E7A4F7556}") = "FeedlyOpmlExport.Functions", "FeedlyOpmlExport.Functions.csproj", "{39649039-56BE-4CD9-BDC9-19621D7D1D36}"
EndProject
Project("{FAE04EC0-301F-11D3-BF4B-00C04F79EFBC}") = "FeedlyOpmlExport.Functions.Tests", "..\FeedlyOpmlExport.Functions.Tests\FeedlyOpmlExport.Functions.Tests.csproj", "{171F178E-8384-4EF2-AA33-D17F67FB9075}"
EndProject
Global
	GlobalSection(SolutionConfigurationPlatforms) = preSolution
		Debug|Any CPU = Debug|Any CPU
		Release|Any CPU = Release|Any CPU
	EndGlobalSection
	GlobalSection(ProjectConfigurationPlatforms) = postSolution
		{39649039-56BE-4CD9-BDC9-19621D7D1D36}.Debug|Any CPU.ActiveCfg = Debug|Any CPU
		{39649039-56BE-4CD9-BDC9-19621D7D1D36}.Debug|Any CPU.Build.0 = Debug|Any CPU
		{39649039-56BE-4CD9-BDC9-19621D7D1D36}.Release|Any CPU.ActiveCfg = Release|Any CPU
		{39649039-56BE-4CD9-BDC9-19621D7D1D36}.Release|Any CPU.Build.0 = Release|Any CPU
		{171F178E-8384-4EF2-AA33-D17F67FB9075}.Debug|Any CPU.ActiveCfg = Debug|Any CPU
		{171F178E-8384-4EF2-AA33-D17F67FB9075}.Debug|Any CPU.Build.0 = Debug|Any CPU
		{171F178E-8384-4EF2-AA33-D17F67FB9075}.Release|Any CPU.ActiveCfg = Release|Any CPU
		{171F178E-8384-4EF2-AA33-D17F67FB9075}.Release|Any CPU.Build.0 = Release|Any CPU
	EndGlobalSection
	GlobalSection(SolutionProperties) = preSolution
		HideSolutionNode = FALSE
	EndGlobalSection
	GlobalSection(ExtensibilityGlobals) = postSolution
		SolutionGuid = {A115A70A-9EF8-43AC-ACA2-40CFEBCBA64F}
	EndGlobalSection
EndGlobal
